
Microsoft Visual Studio Solution File, Format Version 12.00
# Visual Studio 15
VisualStudioVersion = 15.0.26730.16
MinimumVisualStudioVersion = 10.0.40219.1
Project("{9A19103F-16F7-4668-BE54-9A1E7A4F7556}") = "Wikiled.Dictionary", "Wikiled.Dictionary\Wikiled.Dictionary.csproj", "{D6A1A78D-4345-4ADA-9CAA-EAA138DC0994}"
EndProject
Project("{9A19103F-16F7-4668-BE54-9A1E7A4F7556}") = "Wikiled.Dictionary.Tests", "Wikiled.Dictionary.Tests\Wikiled.Dictionary.Tests.csproj", "{382CCA29-6AD9-4B3A-8E00-F7A93C14B367}"
EndProject
Project("{FAE04EC0-301F-11D3-BF4B-00C04F79EFBC}") = "Wikiled.Dictionary.AcceptanceTests", "Wikiled.Dictionary.AcceptanceTests\Wikiled.Dictionary.AcceptanceTests.csproj", "{586BC52B-4038-4FFA-8715-16A26FCDA812}"
EndProject
Global
	GlobalSection(SolutionConfigurationPlatforms) = preSolution
		Debug|Any CPU = Debug|Any CPU
		Release|Any CPU = Release|Any CPU
	EndGlobalSection
	GlobalSection(ProjectConfigurationPlatforms) = postSolution
		{D6A1A78D-4345-4ADA-9CAA-EAA138DC0994}.Debug|Any CPU.ActiveCfg = Debug|Any CPU
		{D6A1A78D-4345-4ADA-9CAA-EAA138DC0994}.Debug|Any CPU.Build.0 = Debug|Any CPU
		{D6A1A78D-4345-4ADA-9CAA-EAA138DC0994}.Release|Any CPU.ActiveCfg = Release|Any CPU
		{D6A1A78D-4345-4ADA-9CAA-EAA138DC0994}.Release|Any CPU.Build.0 = Release|Any CPU
		{382CCA29-6AD9-4B3A-8E00-F7A93C14B367}.Debug|Any CPU.ActiveCfg = Debug|Any CPU
		{382CCA29-6AD9-4B3A-8E00-F7A93C14B367}.Debug|Any CPU.Build.0 = Debug|Any CPU
		{382CCA29-6AD9-4B3A-8E00-F7A93C14B367}.Release|Any CPU.ActiveCfg = Release|Any CPU
		{382CCA29-6AD9-4B3A-8E00-F7A93C14B367}.Release|Any CPU.Build.0 = Release|Any CPU
		{586BC52B-4038-4FFA-8715-16A26FCDA812}.Debug|Any CPU.ActiveCfg = Debug|Any CPU
		{586BC52B-4038-4FFA-8715-16A26FCDA812}.Debug|Any CPU.Build.0 = Debug|Any CPU
		{586BC52B-4038-4FFA-8715-16A26FCDA812}.Release|Any CPU.ActiveCfg = Release|Any CPU
		{586BC52B-4038-4FFA-8715-16A26FCDA812}.Release|Any CPU.Build.0 = Release|Any CPU
	EndGlobalSection
	GlobalSection(SolutionProperties) = preSolution
		HideSolutionNode = FALSE
	EndGlobalSection
	GlobalSection(ExtensibilityGlobals) = postSolution
		SolutionGuid = {FD98BD03-0672-4846-9FEE-916D0EBC5E66}
	EndGlobalSection
EndGlobal
